
Microsoft Visual Studio Solution File, Format Version 12.00
# Visual Studio Version 16
VisualStudioVersion = 16.0.30114.105
MinimumVisualStudioVersion = 10.0.40219.1
Project("{FAE04EC0-301F-11D3-BF4B-00C04F79EFBC}") = "LacmusApp", "LacmusApp\LacmusApp.csproj", "{7C02F8EE-2C0F-4D76-9EA2-6E0C9CFBCFDB}"
EndProject
Project("{FAE04EC0-301F-11D3-BF4B-00C04F79EFBC}") = "LacmusApp.Avalonia", "LacmusApp.Avalonia\LacmusApp.Avalonia.csproj", "{CE9AEE7D-D447-4728-86DE-44E636B84EEC}"
EndProject
Global
	GlobalSection(SolutionConfigurationPlatforms) = preSolution
		Debug|Any CPU = Debug|Any CPU
		Debug|x64 = Debug|x64
		Debug|x86 = Debug|x86
		Release|Any CPU = Release|Any CPU
		Release|x64 = Release|x64
		Release|x86 = Release|x86
	EndGlobalSection
	GlobalSection(SolutionProperties) = preSolution
		HideSolutionNode = FALSE
	EndGlobalSection
	GlobalSection(ProjectConfigurationPlatforms) = postSolution
		{7C02F8EE-2C0F-4D76-9EA2-6E0C9CFBCFDB}.Debug|Any CPU.ActiveCfg = Debug|Any CPU
		{7C02F8EE-2C0F-4D76-9EA2-6E0C9CFBCFDB}.Debug|Any CPU.Build.0 = Debug|Any CPU
		{7C02F8EE-2C0F-4D76-9EA2-6E0C9CFBCFDB}.Debug|x64.ActiveCfg = Debug|Any CPU
		{7C02F8EE-2C0F-4D76-9EA2-6E0C9CFBCFDB}.Debug|x64.Build.0 = Debug|Any CPU
		{7C02F8EE-2C0F-4D76-9EA2-6E0C9CFBCFDB}.Debug|x86.ActiveCfg = Debug|Any CPU
		{7C02F8EE-2C0F-4D76-9EA2-6E0C9CFBCFDB}.Debug|x86.Build.0 = Debug|Any CPU
		{7C02F8EE-2C0F-4D76-9EA2-6E0C9CFBCFDB}.Release|Any CPU.ActiveCfg = Release|Any CPU
		{7C02F8EE-2C0F-4D76-9EA2-6E0C9CFBCFDB}.Release|Any CPU.Build.0 = Release|Any CPU
		{7C02F8EE-2C0F-4D76-9EA2-6E0C9CFBCFDB}.Release|x64.ActiveCfg = Release|Any CPU
		{7C02F8EE-2C0F-4D76-9EA2-6E0C9CFBCFDB}.Release|x64.Build.0 = Release|Any CPU
		{7C02F8EE-2C0F-4D76-9EA2-6E0C9CFBCFDB}.Release|x86.ActiveCfg = Release|Any CPU
		{7C02F8EE-2C0F-4D76-9EA2-6E0C9CFBCFDB}.Release|x86.Build.0 = Release|Any CPU
		{CE9AEE7D-D447-4728-86DE-44E636B84EEC}.Debug|Any CPU.ActiveCfg = Debug|Any CPU
		{CE9AEE7D-D447-4728-86DE-44E636B84EEC}.Debug|Any CPU.Build.0 = Debug|Any CPU
		{CE9AEE7D-D447-4728-86DE-44E636B84EEC}.Debug|x64.ActiveCfg = Debug|Any CPU
		{CE9AEE7D-D447-4728-86DE-44E636B84EEC}.Debug|x64.Build.0 = Debug|Any CPU
		{CE9AEE7D-D447-4728-86DE-44E636B84EEC}.Debug|x86.ActiveCfg = Debug|Any CPU
		{CE9AEE7D-D447-4728-86DE-44E636B84EEC}.Debug|x86.Build.0 = Debug|Any CPU
		{CE9AEE7D-D447-4728-86DE-44E636B84EEC}.Release|Any CPU.ActiveCfg = Release|Any CPU
		{CE9AEE7D-D447-4728-86DE-44E636B84EEC}.Release|Any CPU.Build.0 = Release|Any CPU
		{CE9AEE7D-D447-4728-86DE-44E636B84EEC}.Release|x64.ActiveCfg = Release|Any CPU
		{CE9AEE7D-D447-4728-86DE-44E636B84EEC}.Release|x64.Build.0 = Release|Any CPU
		{CE9AEE7D-D447-4728-86DE-44E636B84EEC}.Release|x86.ActiveCfg = Release|Any CPU
		{CE9AEE7D-D447-4728-86DE-44E636B84EEC}.Release|x86.Build.0 = Release|Any CPU
		EndGlobalSection
EndGlobal
